Microsoft Visual Studio Solution File, Format Version 12.00
# Visual Studio Version 17
VisualStudioVersion = 17.10.35013.160
MinimumVisualStudioVersion = 10.0.40219.1
Project("{FAE04EC0-301F-11D3-BF4B-00C04F79EFBC}") = "BikesStoreDB", "BikesStoreDB\BikesStoreDB.csproj", "{A75A0FC6-DF92-41A1-A467-6D40729100ED}"
EndProject
Global
	GlobalSection(ExtensibilityGlobals) = postSolution
		SolutionGuid = {C7076A50-EB46-4D19-B08D-40790BB69816}
	EndGlobalSection
	GlobalSection(ProjectConfigurationPlatforms) = postSolution
		{A75A0FC6-DF92-41A1-A467-6D40729100ED}.Debug|Any CPU.ActiveCfg = Debug|Any CPU
		{A75A0FC6-DF92-41A1-A467-6D40729100ED}.Debug|Any CPU.Build.0 = Debug|Any CPU
		{A75A0FC6-DF92-41A1-A467-6D40729100ED}.Release|Any CPU.ActiveCfg = Release|Any CPU
		{A75A0FC6-DF92-41A1-A467-6D40729100ED}.Release|Any CPU.Build.0 = Release|Any CPU
	EndGlobalSection
	GlobalSection(SolutionConfigurationPlatforms) = preSolution
		Debug|Any CPU = Debug|Any CPU
		Release|Any CPU = Release|Any CPU
	EndGlobalSection
	GlobalSection(SolutionProperties) = preSolution
		HideSolutionNode = FALSE
	EndGlobalSection
EndGlobal
